
Microsoft Visual Studio Solution File, Format Version 12.00
# Visual Studio Version 17
VisualStudioVersion = 17.12.35506.116 d17.12
MinimumVisualStudioVersion = 10.0.40219.1
Project("{FAE04EC0-301F-11D3-BF4B-00C04F79EFBC}") = "LegenceEmailConverter", "LegenceEmailConverter.csproj", "{363A5C70-7EAC-40BD-9EF8-33A196BD1811}"
EndProject
Project("{FAE04EC0-301F-11D3-BF4B-00C04F79EFBC}") = "LegenceEmailConverterWeb", "..\LegenceEmailConverterWeb\LegenceEmailConverterWeb.csproj", "{CA1203C5-C998-4596-AABD-D91D9DFBFCA0}"
EndProject
Global
	GlobalSection(SolutionConfigurationPlatforms) = preSolution
		Debug|Any CPU = Debug|Any CPU
		Release|Any CPU = Release|Any CPU
	EndGlobalSection
	GlobalSection(ProjectConfigurationPlatforms) = postSolution
		{363A5C70-7EAC-40BD-9EF8-33A196BD1811}.Debug|Any CPU.ActiveCfg = Debug|Any CPU
		{363A5C70-7EAC-40BD-9EF8-33A196BD1811}.Debug|Any CPU.Build.0 = Debug|Any CPU
		{363A5C70-7EAC-40BD-9EF8-33A196BD1811}.Debug|Any CPU.Deploy.0 = Debug|Any CPU
		{363A5C70-7EAC-40BD-9EF8-33A196BD1811}.Release|Any CPU.ActiveCfg = Release|Any CPU
		{363A5C70-7EAC-40BD-9EF8-33A196BD1811}.Release|Any CPU.Build.0 = Release|Any CPU
		{363A5C70-7EAC-40BD-9EF8-33A196BD1811}.Release|Any CPU.Deploy.0 = Release|Any CPU
		{CA1203C5-C998-4596-AABD-D91D9DFBFCA0}.Debug|Any CPU.ActiveCfg = Debug|Any CPU
		{CA1203C5-C998-4596-AABD-D91D9DFBFCA0}.Debug|Any CPU.Build.0 = Debug|Any CPU
		{CA1203C5-C998-4596-AABD-D91D9DFBFCA0}.Release|Any CPU.ActiveCfg = Release|Any CPU
		{CA1203C5-C998-4596-AABD-D91D9DFBFCA0}.Release|Any CPU.Build.0 = Release|Any CPU
	EndGlobalSection
	GlobalSection(SolutionProperties) = preSolution
		HideSolutionNode = FALSE
	EndGlobalSection
EndGlobal
